
Microsoft Visual Studio Solution File, Format Version 12.00
# Visual Studio Version 17
VisualStudioVersion = 17.8.34316.72
MinimumVisualStudioVersion = 10.0.40219.1
Project("{FAE04EC0-301F-11D3-BF4B-00C04F79EFBC}") = "AgendaEletronica", "AgendaEletronica\AgendaEletronica.csproj", "{41300963-D3AA-48A7-9FF3-8F4E38BC3D99}"
EndProject
Project("{9A19103F-16F7-4668-BE54-9A1E7A4F7556}") = "Util.Classes", "..\..\..\Private\Util.Classes\Util.Classes\Util.Classes.csproj", "{8D99C274-BFB5-4399-A670-FB57F46D1E8C}"
EndProject
Project("{FAE04EC0-301F-11D3-BF4B-00C04F79EFBC}") = "DatabaseConnections", "..\..\DatabaseConnections\DatabaseConnections\DatabaseConnections.csproj", "{B0210B4F-75BC-4698-AA37-9068671E1D81}"
EndProject
Global
	GlobalSection(SolutionConfigurationPlatforms) = preSolution
		Debug|Any CPU = Debug|Any CPU
		Release|Any CPU = Release|Any CPU
	EndGlobalSection
	GlobalSection(ProjectConfigurationPlatforms) = postSolution
		{41300963-D3AA-48A7-9FF3-8F4E38BC3D99}.Debug|Any CPU.ActiveCfg = Debug|Any CPU
		{41300963-D3AA-48A7-9FF3-8F4E38BC3D99}.Debug|Any CPU.Build.0 = Debug|Any CPU
		{41300963-D3AA-48A7-9FF3-8F4E38BC3D99}.Release|Any CPU.ActiveCfg = Release|Any CPU
		{41300963-D3AA-48A7-9FF3-8F4E38BC3D99}.Release|Any CPU.Build.0 = Release|Any CPU
		{8D99C274-BFB5-4399-A670-FB57F46D1E8C}.Debug|Any CPU.ActiveCfg = Debug|Any CPU
		{8D99C274-BFB5-4399-A670-FB57F46D1E8C}.Debug|Any CPU.Build.0 = Debug|Any CPU
		{8D99C274-BFB5-4399-A670-FB57F46D1E8C}.Release|Any CPU.ActiveCfg = Release|Any CPU
		{8D99C274-BFB5-4399-A670-FB57F46D1E8C}.Release|Any CPU.Build.0 = Release|Any CPU
		{B0210B4F-75BC-4698-AA37-9068671E1D81}.Debug|Any CPU.ActiveCfg = Debug|Any CPU
		{B0210B4F-75BC-4698-AA37-9068671E1D81}.Debug|Any CPU.Build.0 = Debug|Any CPU
		{B0210B4F-75BC-4698-AA37-9068671E1D81}.Release|Any CPU.ActiveCfg = Release|Any CPU
		{B0210B4F-75BC-4698-AA37-9068671E1D81}.Release|Any CPU.Build.0 = Release|Any CPU
	EndGlobalSection
	GlobalSection(SolutionProperties) = preSolution
		HideSolutionNode = FALSE
	EndGlobalSection
	GlobalSection(ExtensibilityGlobals) = postSolution
		SolutionGuid = {AA37BC7C-26AC-4F5D-86E6-16771924F47A}
	EndGlobalSection
EndGlobal
